// !$*UTF8*$!
{
	archiveVersion = 1;
	classes = {
	};
	objectVersion = 56;
	objects = {

/* Begin PBXBuildFile section */
		797910CA2B760E8500549B07 /* MainView.swift in Sources */ = {isa = PBXBuildFile; fileRef = 797910C92B760E8500549B07 /* MainView.swift */; };
		797910CC2B76194500549B07 /* ThreeHourIntervalView.swift in Sources */ = {isa = PBXBuildFile; fileRef = 797910CB2B76194500549B07 /* ThreeHourIntervalView.swift */; };
		797910CF2B761C0E00549B07 /* IndicatorView.swift in Sources */ = {isa = PBXBuildFile; fileRef = 797910CE2B761C0E00549B07 /* IndicatorView.swift */; };
		797910D12B76231A00549B07 /* CurrentView.swift in Sources */ = {isa = PBXBuildFile; fileRef = 797910D02B76231A00549B07 /* CurrentView.swift */; };
		797910D32B76297B00549B07 /* FiveDaysView.swift in Sources */ = {isa = PBXBuildFile; fileRef = 797910D22B76297B00549B07 /* FiveDaysView.swift */; };
		797910D72B762E5900549B07 /* FiveDaysTableViewCell.swift in Sources */ = {isa = PBXBuildFile; fileRef = 797910D62B762E5900549B07 /* FiveDaysTableViewCell.swift */; };
		797910D92B762F1D00549B07 /* SectionTitleLabel.swift in Sources */ = {isa = PBXBuildFile; fileRef = 797910D82B762F1D00549B07 /* SectionTitleLabel.swift */; };
		797910DB2B773F3B00549B07 /* ThreeHourCollectionViewCell.swift in Sources */ = {isa = PBXBuildFile; fileRef = 797910DA2B773F3B00549B07 /* ThreeHourCollectionViewCell.swift */; };
		797911062B79093B00549B07 /* identifier.swift in Sources */ = {isa = PBXBuildFile; fileRef = 797911052B79093B00549B07 /* identifier.swift */; };
		797911092B79110B00549B07 /* Kingfisher in Frameworks */ = {isa = PBXBuildFile; productRef = 797911082B79110B00549B07 /* Kingfisher */; };
		7979110B2B79194A00549B07 /* .gitignore in Resources */ = {isa = PBXBuildFile; fileRef = 7979110A2B79194A00549B07 /* .gitignore */; };
		79F4BD8C2B75EB02000EDC0C /* AppDelegate.swift in Sources */ = {isa = PBXBuildFile; fileRef = 79F4BD8B2B75EB02000EDC0C /* AppDelegate.swift */; };
		79F4BD8E2B75EB02000EDC0C /* SceneDelegate.swift in Sources */ = {isa = PBXBuildFile; fileRef = 79F4BD8D2B75EB02000EDC0C /* SceneDelegate.swift */; };
		79F4BD902B75EB02000EDC0C /* MainViewController.swift in Sources */ = {isa = PBXBuildFile; fileRef = 79F4BD8F2B75EB02000EDC0C /* MainViewController.swift */; };
		79F4BD932B75EB02000EDC0C /* Main.storyboard in Resources */ = {isa = PBXBuildFile; fileRef = 79F4BD912B75EB02000EDC0C /* Main.storyboard */; };
		79F4BD952B75EB03000EDC0C /* Assets.xcassets in Resources */ = {isa = PBXBuildFile; fileRef = 79F4BD942B75EB03000EDC0C /* Assets.xcassets */; };
		79F4BD982B75EB03000EDC0C /* LaunchScreen.storyboard in Resources */ = {isa = PBXBuildFile; fileRef = 79F4BD962B75EB03000EDC0C /* LaunchScreen.storyboard */; };
		79F4BDA12B75EB20000EDC0C /* SnapKit in Frameworks */ = {isa = PBXBuildFile; productRef = 79F4BDA02B75EB20000EDC0C /* SnapKit */; };
		79F4BDA82B75EC80000EDC0C /* WeatherAPI.swift in Sources */ = {isa = PBXBuildFile; fileRef = 79F4BDA72B75EC80000EDC0C /* WeatherAPI.swift */; };
		79F4BDAA2B75EC91000EDC0C /* CurrentWeatherModel.swift in Sources */ = {isa = PBXBuildFile; fileRef = 79F4BDA92B75EC91000EDC0C /* CurrentWeatherModel.swift */; };
		79F4BDAC2B75ECA6000EDC0C /* WeatherAPIManager.swift in Sources */ = {isa = PBXBuildFile; fileRef = 79F4BDAB2B75ECA6000EDC0C /* WeatherAPIManager.swift */; };
		79F4BDAF2B75F44C000EDC0C /* FiveDayWeatherModel.swift in Sources */ = {isa = PBXBuildFile; fileRef = 79F4BDAE2B75F44C000EDC0C /* FiveDayWeatherModel.swift */; };
		79F4BDB12B75F455000EDC0C /* WeatherModel.swift in Sources */ = {isa = PBXBuildFile; fileRef = 79F4BDB02B75F455000EDC0C /* WeatherModel.swift */; };
		79F4BDB62B7607E9000EDC0C /* BaseView.swift in Sources */ = {isa = PBXBuildFile; fileRef = 79F4BDB52B7607E9000EDC0C /* BaseView.swift */; };
		79F4BDB82B760831000EDC0C /* BaseTableViewCell.swift in Sources */ = {isa = PBXBuildFile; fileRef = 79F4BDB72B760831000EDC0C /* BaseTableViewCell.swift */; };
		79F4BDBA2B76083C000EDC0C /* BaseCollectionViewCell.swift in Sources */ = {isa = PBXBuildFile; fileRef = 79F4BDB92B76083C000EDC0C /* BaseCollectionViewCell.swift */; };
		79F4BDBD2B7609B9000EDC0C /* ConfigureUIProtocol.swift in Sources */ = {isa = PBXBuildFile; fileRef = 79F4BDBC2B7609B9000EDC0C /* ConfigureUIProtocol.swift */; };
		79F4BDC02B760AEC000EDC0C /* UIViewController+Extension.swift in Sources */ = {isa = PBXBuildFile; fileRef = 79F4BDBF2B760AEC000EDC0C /* UIViewController+Extension.swift */; };
		79F4BDC32B760B1A000EDC0C /* Toast in Frameworks */ = {isa = PBXBuildFile; productRef = 79F4BDC22B760B1A000EDC0C /* Toast */; };
/* End PBXBuildFile section */

/* Begin PBXFileReference section */
		797910C92B760E8500549B07 /* MainView.swift */ = {isa = PBXFileReference; lastKnownFileType = sourcecode.swift; path = MainView.swift; sourceTree = "<group>"; };
		797910CB2B76194500549B07 /* ThreeHourIntervalView.swift */ = {isa = PBXFileReference; lastKnownFileType = sourcecode.swift; path = ThreeHourIntervalView.swift; sourceTree = "<group>"; };
		797910CE2B761C0E00549B07 /* IndicatorView.swift */ = {isa = PBXFileReference; lastKnownFileType = sourcecode.swift; path = IndicatorView.swift; sourceTree = "<group>"; };
		797910D02B76231A00549B07 /* CurrentView.swift */ = {isa = PBXFileReference; lastKnownFileType = sourcecode.swift; path = CurrentView.swift; sourceTree = "<group>"; };
		797910D22B76297B00549B07 /* FiveDaysView.swift */ = {isa = PBXFileReference; lastKnownFileType = sourcecode.swift; path = FiveDaysView.swift; sourceTree = "<group>"; };
		797910D62B762E5900549B07 /* FiveDaysTableViewCell.swift */ = {isa = PBXFileReference; lastKnownFileType = sourcecode.swift; path = FiveDaysTableViewCell.swift; sourceTree = "<group>"; };
		797910D82B762F1D00549B07 /* SectionTitleLabel.swift */ = {isa = PBXFileReference; lastKnownFileType = sourcecode.swift; path = SectionTitleLabel.swift; sourceTree = "<group>"; };
		797910DA2B773F3B00549B07 /* ThreeHourCollectionViewCell.swift */ = {isa = PBXFileReference; lastKnownFileType = sourcecode.swift; path = ThreeHourCollectionViewCell.swift; sourceTree = "<group>"; };
		797911052B79093B00549B07 /* identifier.swift */ = {isa = PBXFileReference; lastKnownFileType = sourcecode.swift; path = identifier.swift; sourceTree = "<group>"; };
		7979110A2B79194A00549B07 /* .gitignore */ = {isa = PBXFileReference; lastKnownFileType = text; path = .gitignore; sourceTree = "<group>"; };
		79F4BD882B75EB02000EDC0C /* WeatherApp.app */ = {isa = PBXFileReference; explicitFileType = wrapper.application; includeInIndex = 0; path = WeatherApp.app; sourceTree = BUILT_PRODUCTS_DIR; };
		79F4BD8B2B75EB02000EDC0C /* AppDelegate.swift */ = {isa = PBXFileReference; lastKnownFileType = sourcecode.swift; path = AppDelegate.swift; sourceTree = "<group>"; };
		79F4BD8D2B75EB02000EDC0C /* SceneDelegate.swift */ = {isa = PBXFileReference; lastKnownFileType = sourcecode.swift; path = SceneDelegate.swift; sourceTree = "<group>"; };
		79F4BD8F2B75EB02000EDC0C /* MainViewController.swift */ = {isa = PBXFileReference; lastKnownFileType = sourcecode.swift; path = MainViewController.swift; sourceTree = "<group>"; };
		79F4BD922B75EB02000EDC0C /* Base */ = {isa = PBXFileReference; lastKnownFileType = file.storyboard; name = Base; path = Base.lproj/Main.storyboard; sourceTree = "<group>"; };
		79F4BD942B75EB03000EDC0C /* Assets.xcassets */ = {isa = PBXFileReference; lastKnownFileType = folder.assetcatalog; path = Assets.xcassets; sourceTree = "<group>"; };
		79F4BD972B75EB03000EDC0C /* Base */ = {isa = PBXFileReference; lastKnownFileType = file.storyboard; name = Base; path = Base.lproj/LaunchScreen.storyboard; sourceTree = "<group>"; };
		79F4BD992B75EB03000EDC0C /* Info.plist */ = {isa = PBXFileReference; lastKnownFileType = text.plist.xml; path = Info.plist; sourceTree = "<group>"; };
		79F4BDA72B75EC80000EDC0C /* WeatherAPI.swift */ = {isa = PBXFileReference; lastKnownFileType = sourcecode.swift; path = WeatherAPI.swift; sourceTree = "<group>"; };
		79F4BDA92B75EC91000EDC0C /* CurrentWeatherModel.swift */ = {isa = PBXFileReference; lastKnownFileType = sourcecode.swift; path = CurrentWeatherModel.swift; sourceTree = "<group>"; };
		79F4BDAB2B75ECA6000EDC0C /* WeatherAPIManager.swift */ = {isa = PBXFileReference; lastKnownFileType = sourcecode.swift; path = WeatherAPIManager.swift; sourceTree = "<group>"; };
		79F4BDAE2B75F44C000EDC0C /* FiveDayWeatherModel.swift */ = {isa = PBXFileReference; lastKnownFileType = sourcecode.swift; path = FiveDayWeatherModel.swift; sourceTree = "<group>"; };
		79F4BDB02B75F455000EDC0C /* WeatherModel.swift */ = {isa = PBXFileReference; lastKnownFileType = sourcecode.swift; path = WeatherModel.swift; sourceTree = "<group>"; };
		79F4BDB52B7607E9000EDC0C /* BaseView.swift */ = {isa = PBXFileReference; lastKnownFileType = sourcecode.swift; path = BaseView.swift; sourceTree = "<group>"; };
		79F4BDB72B760831000EDC0C /* BaseTableViewCell.swift */ = {isa = PBXFileReference; lastKnownFileType = sourcecode.swift; path = BaseTableViewCell.swift; sourceTree = "<group>"; };
		79F4BDB92B76083C000EDC0C /* BaseCollectionViewCell.swift */ = {isa = PBXFileReference; lastKnownFileType = sourcecode.swift; path = BaseCollectionViewCell.swift; sourceTree = "<group>"; };
		79F4BDBC2B7609B9000EDC0C /* ConfigureUIProtocol.swift */ = {isa = PBXFileReference; lastKnownFileType = sourcecode.swift; path = ConfigureUIProtocol.swift; sourceTree = "<group>"; };
		79F4BDBF2B760AEC000EDC0C /* UIViewController+Extension.swift */ = {isa = PBXFileReference; lastKnownFileType = sourcecode.swift; path = "UIViewController+Extension.swift"; sourceTree = "<group>"; };
/* End PBXFileReference section */

/* Begin PBXFrameworksBuildPhase section */
		79F4BD852B75EB02000EDC0C /* Frameworks */ = {
			isa = PBXFrameworksBuildPhase;
			buildActionMask = 2147483647;
			files = (
				797911092B79110B00549B07 /* Kingfisher in Frameworks */,
				79F4BDC32B760B1A000EDC0C /* Toast in Frameworks */,
				79F4BDA12B75EB20000EDC0C /* SnapKit in Frameworks */,
			);
			runOnlyForDeploymentPostprocessing = 0;
		};
/* End PBXFrameworksBuildPhase section */

/* Begin PBXGroup section */
		797910CD2B761BA200549B07 /* Custom */ = {
			isa = PBXGroup;
			children = (
				797910CE2B761C0E00549B07 /* IndicatorView.swift */,
				797910D82B762F1D00549B07 /* SectionTitleLabel.swift */,
			);
			path = Custom;
			sourceTree = "<group>";
		};
		79F4BD7F2B75EB02000EDC0C = {
			isa = PBXGroup;
			children = (
				7979110A2B79194A00549B07 /* .gitignore */,
				79F4BD8A2B75EB02000EDC0C /* WeatherApp */,
				79F4BD892B75EB02000EDC0C /* Products */,
			);
			sourceTree = "<group>";
		};
		79F4BD892B75EB02000EDC0C /* Products */ = {
			isa = PBXGroup;
			children = (
				79F4BD882B75EB02000EDC0C /* WeatherApp.app */,
			);
			name = Products;
			sourceTree = "<group>";
		};
		79F4BD8A2B75EB02000EDC0C /* WeatherApp */ = {
			isa = PBXGroup;
			children = (
				79F4BDBE2B760AC9000EDC0C /* Extension */,
				79F4BDBB2B76092A000EDC0C /* Protocol */,
				797910CD2B761BA200549B07 /* Custom */,
				79F4BDA52B75EBA2000EDC0C /* Base */,
				79F4BDAD2B75ECDD000EDC0C /* Model */,
				79F4BDA62B75EBB6000EDC0C /* Network */,
				79F4BDA32B75EB59000EDC0C /* Main */,
				79F4BDA22B75EB57000EDC0C /* Search */,
				79F4BDA42B75EB6B000EDC0C /* Map */,
				79F4BD8B2B75EB02000EDC0C /* AppDelegate.swift */,
				79F4BD8D2B75EB02000EDC0C /* SceneDelegate.swift */,
				79F4BD912B75EB02000EDC0C /* Main.storyboard */,
				79F4BD942B75EB03000EDC0C /* Assets.xcassets */,
				79F4BD962B75EB03000EDC0C /* LaunchScreen.storyboard */,
				79F4BD992B75EB03000EDC0C /* Info.plist */,
			);
			path = WeatherApp;
			sourceTree = "<group>";
		};
		79F4BDA22B75EB57000EDC0C /* Search */ = {
			isa = PBXGroup;
			children = (
			);
			path = Search;
			sourceTree = "<group>";
		};
		79F4BDA32B75EB59000EDC0C /* Main */ = {
			isa = PBXGroup;
			children = (
				79F4BD8F2B75EB02000EDC0C /* MainViewController.swift */,
				797910C92B760E8500549B07 /* MainView.swift */,
				797910D02B76231A00549B07 /* CurrentView.swift */,
				797910CB2B76194500549B07 /* ThreeHourIntervalView.swift */,
				797910DA2B773F3B00549B07 /* ThreeHourCollectionViewCell.swift */,
				797910D22B76297B00549B07 /* FiveDaysView.swift */,
				797910D62B762E5900549B07 /* FiveDaysTableViewCell.swift */,
			);
			path = Main;
			sourceTree = "<group>";
		};
		79F4BDA42B75EB6B000EDC0C /* Map */ = {
			isa = PBXGroup;
			children = (
			);
			path = Map;
			sourceTree = "<group>";
		};
		79F4BDA52B75EBA2000EDC0C /* Base */ = {
			isa = PBXGroup;
			children = (
				79F4BDB52B7607E9000EDC0C /* BaseView.swift */,
				79F4BDB72B760831000EDC0C /* BaseTableViewCell.swift */,
				79F4BDB92B76083C000EDC0C /* BaseCollectionViewCell.swift */,
			);
			path = Base;
			sourceTree = "<group>";
		};
		79F4BDA62B75EBB6000EDC0C /* Network */ = {
			isa = PBXGroup;
			children = (
				79F4BDA72B75EC80000EDC0C /* WeatherAPI.swift */,
				79F4BDAB2B75ECA6000EDC0C /* WeatherAPIManager.swift */,
			);
			path = Network;
			sourceTree = "<group>";
		};
		79F4BDAD2B75ECDD000EDC0C /* Model */ = {
			isa = PBXGroup;
			children = (
				79F4BDB02B75F455000EDC0C /* WeatherModel.swift */,
				79F4BDA92B75EC91000EDC0C /* CurrentWeatherModel.swift */,
				79F4BDAE2B75F44C000EDC0C /* FiveDayWeatherModel.swift */,
			);
			path = Model;
			sourceTree = "<group>";
		};
		79F4BDBB2B76092A000EDC0C /* Protocol */ = {
			isa = PBXGroup;
			children = (
				79F4BDBC2B7609B9000EDC0C /* ConfigureUIProtocol.swift */,
			);
			path = Protocol;
			sourceTree = "<group>";
		};
		79F4BDBE2B760AC9000EDC0C /* Extension */ = {
			isa = PBXGroup;
			children = (
				797911052B79093B00549B07 /* identifier.swift */,
				79F4BDBF2B760AEC000EDC0C /* UIViewController+Extension.swift */,
			);
			path = Extension;
			sourceTree = "<group>";
		};
/* End PBXGroup section */

/* Begin PBXNativeTarget section */
		79F4BD872B75EB02000EDC0C /* WeatherApp */ = {
			isa = PBXNativeTarget;
			buildConfigurationList = 79F4BD9C2B75EB03000EDC0C /* Build configuration list for PBXNativeTarget "WeatherApp" */;
			buildPhases = (
				79F4BD842B75EB02000EDC0C /* Sources */,
				79F4BD852B75EB02000EDC0C /* Frameworks */,
				79F4BD862B75EB02000EDC0C /* Resources */,
			);
			buildRules = (
			);
			dependencies = (
			);
			name = WeatherApp;
			packageProductDependencies = (
				79F4BDA02B75EB20000EDC0C /* SnapKit */,
				79F4BDC22B760B1A000EDC0C /* Toast */,
				797911082B79110B00549B07 /* Kingfisher */,
			);
			productName = WeatherApp;
			productReference = 79F4BD882B75EB02000EDC0C /* WeatherApp.app */;
			productType = "com.apple.product-type.application";
		};
/* End PBXNativeTarget section */

/* Begin PBXProject section */
		79F4BD802B75EB02000EDC0C /* Project object */ = {
			isa = PBXProject;
			attributes = {
				BuildIndependentTargetsInParallel = 1;
				LastSwiftUpdateCheck = 1520;
				LastUpgradeCheck = 1520;
				TargetAttributes = {
					79F4BD872B75EB02000EDC0C = {
						CreatedOnToolsVersion = 15.2;
					};
				};
			};
			buildConfigurationList = 79F4BD832B75EB02000EDC0C /* Build configuration list for PBXProject "WeatherApp" */;
			compatibilityVersion = "Xcode 14.0";
			developmentRegion = en;
			hasScannedForEncodings = 0;
			knownRegions = (
				en,
				Base,
			);
			mainGroup = 79F4BD7F2B75EB02000EDC0C;
			packageReferences = (
				79F4BD9F2B75EB20000EDC0C /* XCRemoteSwiftPackageReference "SnapKit" */,
				79F4BDC12B760B1A000EDC0C /* XCRemoteSwiftPackageReference "Toast-Swift" */,
				797911072B79110B00549B07 /* XCRemoteSwiftPackageReference "Kingfisher" */,
			);
			productRefGroup = 79F4BD892B75EB02000EDC0C /* Products */;
			projectDirPath = "";
			projectRoot = "";
			targets = (
				79F4BD872B75EB02000EDC0C /* WeatherApp */,
			);
		};
/* End PBXProject section */

/* Begin PBXResourcesBuildPhase section */
		79F4BD862B75EB02000EDC0C /* Resources */ = {
			isa = PBXResourcesBuildPhase;
			buildActionMask = 2147483647;
			files = (
				7979110B2B79194A00549B07 /* .gitignore in Resources */,
				79F4BD982B75EB03000EDC0C /* LaunchScreen.storyboard in Resources */,
				79F4BD952B75EB03000EDC0C /* Assets.xcassets in Resources */,
				79F4BD932B75EB02000EDC0C /* Main.storyboard in Resources */,
			);
			runOnlyForDeploymentPostprocessing = 0;
		};
/* End PBXResourcesBuildPhase section */

/* Begin PBXSourcesBuildPhase section */
		79F4BD842B75EB02000EDC0C /* Sources */ = {
			isa = PBXSourcesBuildPhase;
			buildActionMask = 2147483647;
			files = (
				79F4BD902B75EB02000EDC0C /* MainViewController.swift in Sources */,
				797910CA2B760E8500549B07 /* MainView.swift in Sources */,
				79F4BDC02B760AEC000EDC0C /* UIViewController+Extension.swift in Sources */,
				79F4BDA82B75EC80000EDC0C /* WeatherAPI.swift in Sources */,
				79F4BD8C2B75EB02000EDC0C /* AppDelegate.swift in Sources */,
				797910D92B762F1D00549B07 /* SectionTitleLabel.swift in Sources */,
				79F4BDAC2B75ECA6000EDC0C /* WeatherAPIManager.swift in Sources */,
				797910CF2B761C0E00549B07 /* IndicatorView.swift in Sources */,
				797910D32B76297B00549B07 /* FiveDaysView.swift in Sources */,
				79F4BDBA2B76083C000EDC0C /* BaseCollectionViewCell.swift in Sources */,
				79F4BD8E2B75EB02000EDC0C /* SceneDelegate.swift in Sources */,
				79F4BDAF2B75F44C000EDC0C /* FiveDayWeatherModel.swift in Sources */,
				79F4BDB62B7607E9000EDC0C /* BaseView.swift in Sources */,
				79F4BDB12B75F455000EDC0C /* WeatherModel.swift in Sources */,
				79F4BDB82B760831000EDC0C /* BaseTableViewCell.swift in Sources */,
				79F4BDBD2B7609B9000EDC0C /* ConfigureUIProtocol.swift in Sources */,
				797910DB2B773F3B00549B07 /* ThreeHourCollectionViewCell.swift in Sources */,
				797911062B79093B00549B07 /* identifier.swift in Sources */,
				797910D12B76231A00549B07 /* CurrentView.swift in Sources */,
				797910D72B762E5900549B07 /* FiveDaysTableViewCell.swift in Sources */,
				79F4BDAA2B75EC91000EDC0C /* CurrentWeatherModel.swift in Sources */,
				797910CC2B76194500549B07 /* ThreeHourIntervalView.swift in Sources */,
			);
			runOnlyForDeploymentPostprocessing = 0;
		};
/* End PBXSourcesBuildPhase section */

/* Begin PBXVariantGroup section */
		79F4BD912B75EB02000EDC0C /* Main.storyboard */ = {
			isa = PBXVariantGroup;
			children = (
				79F4BD922B75EB02000EDC0C /* Base */,
			);
			name = Main.storyboard;
			sourceTree = "<group>";
		};
		79F4BD962B75EB03000EDC0C /* LaunchScreen.storyboard */ = {
			isa = PBXVariantGroup;
			children = (
				79F4BD972B75EB03000EDC0C /* Base */,
			);
			name = LaunchScreen.storyboard;
			sourceTree = "<group>";
		};
/* End PBXVariantGroup section */

/* Begin XCBuildConfiguration section */
		79F4BD9A2B75EB03000EDC0C /* Debug */ = {
			isa = XCBuildConfiguration;
			buildSettings = {
				ALWAYS_SEARCH_USER_PATHS = NO;
				ASSETCATALOG_COMPILER_GENERATE_SWIFT_ASSET_SYMBOL_EXTENSIONS = YES;
				CLANG_ANALYZER_NONNULL = YES;
				CLANG_ANALYZER_NUMBER_OBJECT_CONVERSION = YES_AGGRESSIVE;
				CLANG_CXX_LANGUAGE_STANDARD = "gnu++20";
				CLANG_ENABLE_MODULES = YES;
				CLANG_ENABLE_OBJC_ARC = YES;
				CLANG_ENABLE_OBJC_WEAK = YES;
				CLANG_WARN_BLOCK_CAPTURE_AUTORELEASING = YES;
				CLANG_WARN_BOOL_CONVERSION = YES;
				CLANG_WARN_COMMA = YES;
				CLANG_WARN_CONSTANT_CONVERSION = YES;
				CLANG_WARN_DEPRECATED_OBJC_IMPLEMENTATIONS = YES;
				CLANG_WARN_DIRECT_OBJC_ISA_USAGE = YES_ERROR;
				CLANG_WARN_DOCUMENTATION_COMMENTS = YES;
				CLANG_WARN_EMPTY_BODY = YES;
				CLANG_WARN_ENUM_CONVERSION = YES;
				CLANG_WARN_INFINITE_RECURSION = YES;
				CLANG_WARN_INT_CONVERSION = YES;
				CLANG_WARN_NON_LITERAL_NULL_CONVERSION = YES;
				CLANG_WARN_OBJC_IMPLICIT_RETAIN_SELF = YES;
				CLANG_WARN_OBJC_LITERAL_CONVERSION = YES;
				CLANG_WARN_OBJC_ROOT_CLASS = YES_ERROR;
				CLANG_WARN_QUOTED_INCLUDE_IN_FRAMEWORK_HEADER = YES;
				CLANG_WARN_RANGE_LOOP_ANALYSIS = YES;
				CLANG_WARN_STRICT_PROTOTYPES = YES;
				CLANG_WARN_SUSPICIOUS_MOVE = YES;
				CLANG_WARN_UNGUARDED_AVAILABILITY = YES_AGGRESSIVE;
				CLANG_WARN_UNREACHABLE_CODE = YES;
				CLANG_WARN__DUPLICATE_METHOD_MATCH = YES;
				COPY_PHASE_STRIP = NO;
				DEBUG_INFORMATION_FORMAT = dwarf;
				ENABLE_STRICT_OBJC_MSGSEND = YES;
				ENABLE_TESTABILITY = YES;
				ENABLE_USER_SCRIPT_SANDBOXING = YES;
				GCC_C_LANGUAGE_STANDARD = gnu17;
				GCC_DYNAMIC_NO_PIC = NO;
				GCC_NO_COMMON_BLOCKS = YES;
				GCC_OPTIMIZATION_LEVEL = 0;
				GCC_PREPROCESSOR_DEFINITIONS = (
					"DEBUG=1",
					"$(inherited)",
				);
				GCC_WARN_64_TO_32_BIT_CONVERSION = YES;
				GCC_WARN_ABOUT_RETURN_TYPE = YES_ERROR;
				GCC_WARN_UNDECLARED_SELECTOR = YES;
				GCC_WARN_UNINITIALIZED_AUTOS = YES_AGGRESSIVE;
				GCC_WARN_UNUSED_FUNCTION = YES;
				GCC_WARN_UNUSED_VARIABLE = YES;
				IPHONEOS_DEPLOYMENT_TARGET = 17.2;
				LOCALIZATION_PREFERS_STRING_CATALOGS = YES;
				MTL_ENABLE_DEBUG_INFO = INCLUDE_SOURCE;
				MTL_FAST_MATH = YES;
				ONLY_ACTIVE_ARCH = YES;
				SDKROOT = iphoneos;
				SWIFT_ACTIVE_COMPILATION_CONDITIONS = "DEBUG $(inherited)";
				SWIFT_OPTIMIZATION_LEVEL = "-Onone";
			};
			name = Debug;
		};
		79F4BD9B2B75EB03000EDC0C /* Release */ = {
			isa = XCBuildConfiguration;
			buildSettings = {
				ALWAYS_SEARCH_USER_PATHS = NO;
				ASSETCATALOG_COMPILER_GENERATE_SWIFT_ASSET_SYMBOL_EXTENSIONS = YES;
				CLANG_ANALYZER_NONNULL = YES;
				CLANG_ANALYZER_NUMBER_OBJECT_CONVERSION = YES_AGGRESSIVE;
				CLANG_CXX_LANGUAGE_STANDARD = "gnu++20";
				CLANG_ENABLE_MODULES = YES;
				CLANG_ENABLE_OBJC_ARC = YES;
				CLANG_ENABLE_OBJC_WEAK = YES;
				CLANG_WARN_BLOCK_CAPTURE_AUTORELEASING = YES;
				CLANG_WARN_BOOL_CONVERSION = YES;
				CLANG_WARN_COMMA = YES;
				CLANG_WARN_CONSTANT_CONVERSION = YES;
				CLANG_WARN_DEPRECATED_OBJC_IMPLEMENTATIONS = YES;
				CLANG_WARN_DIRECT_OBJC_ISA_USAGE = YES_ERROR;
				CLANG_WARN_DOCUMENTATION_COMMENTS = YES;
				CLANG_WARN_EMPTY_BODY = YES;
				CLANG_WARN_ENUM_CONVERSION = YES;
				CLANG_WARN_INFINITE_RECURSION = YES;
				CLANG_WARN_INT_CONVERSION = YES;
				CLANG_WARN_NON_LITERAL_NULL_CONVERSION = YES;
				CLANG_WARN_OBJC_IMPLICIT_RETAIN_SELF = YES;
				CLANG_WARN_OBJC_LITERAL_CONVERSION = YES;
				CLANG_WARN_OBJC_ROOT_CLASS = YES_ERROR;
				CLANG_WARN_QUOTED_INCLUDE_IN_FRAMEWORK_HEADER = YES;
				CLANG_WARN_RANGE_LOOP_ANALYSIS = YES;
				CLANG_WARN_STRICT_PROTOTYPES = YES;
				CLANG_WARN_SUSPICIOUS_MOVE = YES;
				CLANG_WARN_UNGUARDED_AVAILABILITY = YES_AGGRESSIVE;
				CLANG_WARN_UNREACHABLE_CODE = YES;
				CLANG_WARN__DUPLICATE_METHOD_MATCH = YES;
				COPY_PHASE_STRIP = NO;
				DEBUG_INFORMATION_FORMAT = "dwarf-with-dsym";
				ENABLE_NS_ASSERTIONS = NO;
				ENABLE_STRICT_OBJC_MSGSEND = YES;
				ENABLE_USER_SCRIPT_SANDBOXING = YES;
				GCC_C_LANGUAGE_STANDARD = gnu17;
				GCC_NO_COMMON_BLOCKS = YES;
				GCC_WARN_64_TO_32_BIT_CONVERSION = YES;
				GCC_WARN_ABOUT_RETURN_TYPE = YES_ERROR;
				GCC_WARN_UNDECLARED_SELECTOR = YES;
				GCC_WARN_UNINITIALIZED_AUTOS = YES_AGGRESSIVE;
				GCC_WARN_UNUSED_FUNCTION = YES;
				GCC_WARN_UNUSED_VARIABLE = YES;
				IPHONEOS_DEPLOYMENT_TARGET = 17.2;
				LOCALIZATION_PREFERS_STRING_CATALOGS = YES;
				MTL_ENABLE_DEBUG_INFO = NO;
				MTL_FAST_MATH = YES;
				SDKROOT = iphoneos;
				SWIFT_COMPILATION_MODE = wholemodule;
				VALIDATE_PRODUCT = YES;
			};
			name = Release;
		};
		79F4BD9D2B75EB03000EDC0C /* Debug */ = {
			isa = XCBuildConfiguration;
			buildSettings = {
				ASSETCATALOG_COMPILER_APPICON_NAME = AppIcon;
				ASSETCATALOG_COMPILER_GLOBAL_ACCENT_COLOR_NAME = AccentColor;
				CODE_SIGN_STYLE = Automatic;
				CURRENT_PROJECT_VERSION = 1;
				DEVELOPMENT_TEAM = FQNUU3X32C;
				GENERATE_INFOPLIST_FILE = YES;
				INFOPLIST_FILE = WeatherApp/Info.plist;
				INFOPLIST_KEY_UIApplicationSupportsIndirectInputEvents = YES;
				INFOPLIST_KEY_UILaunchStoryboardName = LaunchScreen;
				INFOPLIST_KEY_UIMainStoryboardFile = Main;
				INFOPLIST_KEY_UISupportedInterfaceOrientations = UIInterfaceOrientationPortrait;
				INFOPLIST_KEY_UISupportedInterfaceOrientations_iPad = "UIInterfaceOrientationLandscapeLeft UIInterfaceOrientationLandscapeRight UIInterfaceOrientationPortrait UIInterfaceOrientationPortraitUpsideDown";
				IPHONEOS_DEPLOYMENT_TARGET = 15.0;
				LD_RUNPATH_SEARCH_PATHS = (
					"$(inherited)",
					"@executable_path/Frameworks",
				);
				MARKETING_VERSION = 1.0;
				PRODUCT_BUNDLE_IDENTIFIER = com.chasomin.WeatherApp;
				PRODUCT_NAME = "$(TARGET_NAME)";
				SUPPORTED_PLATFORMS = "iphoneos iphonesimulator";
				SUPPORTS_MACCATALYST = NO;
				SUPPORTS_MAC_DESIGNED_FOR_IPHONE_IPAD = NO;
				SUPPORTS_XR_DESIGNED_FOR_IPHONE_IPAD = NO;
				SWIFT_EMIT_LOC_STRINGS = YES;
				SWIFT_VERSION = 5.0;
				TARGETED_DEVICE_FAMILY = 1;
			};
			name = Debug;
		};
		79F4BD9E2B75EB03000EDC0C /* Release */ = {
			isa = XCBuildConfiguration;
			buildSettings = {
				ASSETCATALOG_COMPILER_APPICON_NAME = AppIcon;
				ASSETCATALOG_COMPILER_GLOBAL_ACCENT_COLOR_NAME = AccentColor;
				CODE_SIGN_STYLE = Automatic;
				CURRENT_PROJECT_VERSION = 1;
				DEVELOPMENT_TEAM = FQNUU3X32C;
				GENERATE_INFOPLIST_FILE = YES;
				INFOPLIST_FILE = WeatherApp/Info.plist;
				INFOPLIST_KEY_UIApplicationSupportsIndirectInputEvents = YES;
				INFOPLIST_KEY_UILaunchStoryboardName = LaunchScreen;
				INFOPLIST_KEY_UIMainStoryboardFile = Main;
				INFOPLIST_KEY_UISupportedInterfaceOrientations = UIInterfaceOrientationPortrait;
				INFOPLIST_KEY_UISupportedInterfaceOrientations_iPad = "UIInterfaceOrientationLandscapeLeft UIInterfaceOrientationLandscapeRight UIInterfaceOrientationPortrait UIInterfaceOrientationPortraitUpsideDown";
				IPHONEOS_DEPLOYMENT_TARGET = 15.0;
				LD_RUNPATH_SEARCH_PATHS = (
					"$(inherited)",
					"@executable_path/Frameworks",
				);
				MARKETING_VERSION = 1.0;
				PRODUCT_BUNDLE_IDENTIFIER = com.chasomin.WeatherApp;
				PRODUCT_NAME = "$(TARGET_NAME)";
				SUPPORTED_PLATFORMS = "iphoneos iphonesimulator";
				SUPPORTS_MACCATALYST = NO;
				SUPPORTS_MAC_DESIGNED_FOR_IPHONE_IPAD = NO;
				SUPPORTS_XR_DESIGNED_FOR_IPHONE_IPAD = NO;
				SWIFT_EMIT_LOC_STRINGS = YES;
				SWIFT_VERSION = 5.0;
				TARGETED_DEVICE_FAMILY = 1;
			};
			name = Release;
		};
/* End XCBuildConfiguration section */

/* Begin XCConfigurationList section */
		79F4BD832B75EB02000EDC0C /* Build configuration list for PBXProject "WeatherApp" */ = {
			isa = XCConfigurationList;
			buildConfigurations = (
				79F4BD9A2B75EB03000EDC0C /* Debug */,
				79F4BD9B2B75EB03000EDC0C /* Release */,
			);
			defaultConfigurationIsVisible = 0;
			defaultConfigurationName = Release;
		};
		79F4BD9C2B75EB03000EDC0C /* Build configuration list for PBXNativeTarget "WeatherApp" */ = {
			isa = XCConfigurationList;
			buildConfigurations = (
				79F4BD9D2B75EB03000EDC0C /* Debug */,
				79F4BD9E2B75EB03000EDC0C /* Release */,
			);
			defaultConfigurationIsVisible = 0;
			defaultConfigurationName = Release;
		};
/* End XCConfigurationList section */

/* Begin XCRemoteSwiftPackageReference section */
		797911072B79110B00549B07 /* XCRemoteSwiftPackageReference "Kingfisher" */ = {
			isa = XCRemoteSwiftPackageReference;
			repositoryURL = "https://github.com/onevcat/Kingfisher";
			requirement = {
				kind = upToNextMajorVersion;
				minimumVersion = 7.10.2;
			};
		};
		79F4BD9F2B75EB20000EDC0C /* XCRemoteSwiftPackageReference "SnapKit" */ = {
			isa = XCRemoteSwiftPackageReference;
			repositoryURL = "https://github.com/SnapKit/SnapKit";
			requirement = {
				kind = upToNextMajorVersion;
				minimumVersion = 5.7.0;
			};
		};
		79F4BDC12B760B1A000EDC0C /* XCRemoteSwiftPackageReference "Toast-Swift" */ = {
			isa = XCRemoteSwiftPackageReference;
			repositoryURL = "https://github.com/scalessec/Toast-Swift";
			requirement = {
				kind = upToNextMajorVersion;
				minimumVersion = 5.1.0;
			};
		};
/* End XCRemoteSwiftPackageReference section */

/* Begin XCSwiftPackageProductDependency section */
		797911082B79110B00549B07 /* Kingfisher */ = {
			isa = XCSwiftPackageProductDependency;
			package = 797911072B79110B00549B07 /* XCRemoteSwiftPackageReference "Kingfisher" */;
			productName = Kingfisher;
		};
		79F4BDA02B75EB20000EDC0C /* SnapKit */ = {
			isa = XCSwiftPackageProductDependency;
			package = 79F4BD9F2B75EB20000EDC0C /* XCRemoteSwiftPackageReference "SnapKit" */;
			productName = SnapKit;
		};
		79F4BDC22B760B1A000EDC0C /* Toast */ = {
			isa = XCSwiftPackageProductDependency;
			package = 79F4BDC12B760B1A000EDC0C /* XCRemoteSwiftPackageReference "Toast-Swift" */;
			productName = Toast;
		};
/* End XCSwiftPackageProductDependency section */
	};
	rootObject = 79F4BD802B75EB02000EDC0C /* Project object */;
}
